
Microsoft Visual Studio Solution File, Format Version 12.00
# Visual Studio 15
VisualStudioVersion = 15.0.28307.102
MinimumVisualStudioVersion = 10.0.40219.1
Project("{FAE04EC0-301F-11D3-BF4B-00C04F79EFBC}") = "PillageVillageWeb", "PillageVillageWeb\PillageVillageWeb.csproj", "{DA621969-F945-40EE-A998-B4AD7582E48B}"
EndProject
Global
	GlobalSection(SolutionConfigurationPlatforms) = preSolution
		Debug|Any CPU = Debug|Any CPU
		Release|Any CPU = Release|Any CPU
	EndGlobalSection
	GlobalSection(ProjectConfigurationPlatforms) = postSolution
		{DA621969-F945-40EE-A998-B4AD7582E48B}.Debug|Any CPU.ActiveCfg = Debug|Any CPU
		{DA621969-F945-40EE-A998-B4AD7582E48B}.Debug|Any CPU.Build.0 = Debug|Any CPU
		{DA621969-F945-40EE-A998-B4AD7582E48B}.Release|Any CPU.ActiveCfg = Release|Any CPU
		{DA621969-F945-40EE-A998-B4AD7582E48B}.Release|Any CPU.Build.0 = Release|Any CPU
	EndGlobalSection
	GlobalSection(SolutionProperties) = preSolution
		HideSolutionNode = FALSE
	EndGlobalSection
	GlobalSection(ExtensibilityGlobals) = postSolution
		SolutionGuid = {9BCCFC13-57F3-4F3C-8DB0-84A1922125A1}
	EndGlobalSection
EndGlobal
